
Microsoft Visual Studio Solution File, Format Version 12.00
# Visual Studio Version 17
VisualStudioVersion = 17.7.34031.279
MinimumVisualStudioVersion = 10.0.40219.1
Project("{9A19103F-16F7-4668-BE54-9A1E7A4F7556}") = "vezeeta", "vezeeta\vezeeta.csproj", "{8B3F5DFC-362D-4D87-8CB0-6A9587AC0B77}"
EndProject
Project("{9A19103F-16F7-4668-BE54-9A1E7A4F7556}") = "Core Layer", "Core Layer\Core Layer.csproj", "{3EB1A826-71D0-486A-9382-9059BFEB5439}"
EndProject
Project("{9A19103F-16F7-4668-BE54-9A1E7A4F7556}") = "Repository Layer", "Repository Layer\Repository Layer.csproj", "{414C9C76-C0EE-4455-9786-C16639102817}"
EndProject
Project("{9A19103F-16F7-4668-BE54-9A1E7A4F7556}") = "Service Layer", "Service Layer\Service Layer.csproj", "{5F3094E8-B59A-4822-A121-7370E750C57C}"
EndProject
Project("{2150E333-8FDC-42A3-9474-1A3956D46DE8}") = "src", "src", "{12414B2B-23C0-4E3F-8210-3A6166BAFD95}"
EndProject
Project("{2150E333-8FDC-42A3-9474-1A3956D46DE8}") = "test", "test", "{927BC81B-29DE-4122-A9F5-3423C6D130B1}"
EndProject
Project("{9A19103F-16F7-4668-BE54-9A1E7A4F7556}") = "Vezeeta.API", "src\Vezeeta.API\Vezeeta.API.csproj", "{E0395473-9614-41FD-9F18-DE02E73C14AE}"
EndProject
Project("{FAE04EC0-301F-11D3-BF4B-00C04F79EFBC}") = "Vezeeta.Application", "src\Vezeeta.Application\Vezeeta.Application.csproj", "{F770FBEE-B943-4C34-996D-40CD9DF7CF54}"
EndProject
Project("{FAE04EC0-301F-11D3-BF4B-00C04F79EFBC}") = "Vezeeta.Infrastructure", "src\Vezeeta.Infrastructure\Vezeeta.Infrastructure.csproj", "{AD0F72D3-B8C7-463A-9C15-FB1227EA7065}"
EndProject
Project("{FAE04EC0-301F-11D3-BF4B-00C04F79EFBC}") = "Vezeeta.Domain", "src\Vezeeta.Domain\Vezeeta.Domain.csproj", "{815F9823-3CD4-4A30-93B2-FE78D9C167EE}"
EndProject
Project("{2150E333-8FDC-42A3-9474-1A3956D46DE8}") = "Solution Items", "Solution Items", "{A9C73362-7760-47C2-A5F0-3E835D1F865C}"
	ProjectSection(SolutionItems) = preProject
		.editorconfig = .editorconfig
		.gitattributes = .gitattributes
		.gitignore = .gitignore
		README.md = README.md
	EndProjectSection
EndProject
Global
	GlobalSection(SolutionConfigurationPlatforms) = preSolution
		Debug|Any CPU = Debug|Any CPU
		Release|Any CPU = Release|Any CPU
	EndGlobalSection
	GlobalSection(ProjectConfigurationPlatforms) = postSolution
		{8B3F5DFC-362D-4D87-8CB0-6A9587AC0B77}.Debug|Any CPU.ActiveCfg = Debug|Any CPU
		{8B3F5DFC-362D-4D87-8CB0-6A9587AC0B77}.Debug|Any CPU.Build.0 = Debug|Any CPU
		{8B3F5DFC-362D-4D87-8CB0-6A9587AC0B77}.Release|Any CPU.ActiveCfg = Release|Any CPU
		{8B3F5DFC-362D-4D87-8CB0-6A9587AC0B77}.Release|Any CPU.Build.0 = Release|Any CPU
		{3EB1A826-71D0-486A-9382-9059BFEB5439}.Debug|Any CPU.ActiveCfg = Debug|Any CPU
		{3EB1A826-71D0-486A-9382-9059BFEB5439}.Debug|Any CPU.Build.0 = Debug|Any CPU
		{3EB1A826-71D0-486A-9382-9059BFEB5439}.Release|Any CPU.ActiveCfg = Release|Any CPU
		{3EB1A826-71D0-486A-9382-9059BFEB5439}.Release|Any CPU.Build.0 = Release|Any CPU
		{414C9C76-C0EE-4455-9786-C16639102817}.Debug|Any CPU.ActiveCfg = Debug|Any CPU
		{414C9C76-C0EE-4455-9786-C16639102817}.Debug|Any CPU.Build.0 = Debug|Any CPU
		{414C9C76-C0EE-4455-9786-C16639102817}.Release|Any CPU.ActiveCfg = Release|Any CPU
		{414C9C76-C0EE-4455-9786-C16639102817}.Release|Any CPU.Build.0 = Release|Any CPU
		{5F3094E8-B59A-4822-A121-7370E750C57C}.Debug|Any CPU.ActiveCfg = Debug|Any CPU
		{5F3094E8-B59A-4822-A121-7370E750C57C}.Debug|Any CPU.Build.0 = Debug|Any CPU
		{5F3094E8-B59A-4822-A121-7370E750C57C}.Release|Any CPU.ActiveCfg = Release|Any CPU
		{5F3094E8-B59A-4822-A121-7370E750C57C}.Release|Any CPU.Build.0 = Release|Any CPU
		{E0395473-9614-41FD-9F18-DE02E73C14AE}.Debug|Any CPU.ActiveCfg = Debug|Any CPU
		{E0395473-9614-41FD-9F18-DE02E73C14AE}.Debug|Any CPU.Build.0 = Debug|Any CPU
		{E0395473-9614-41FD-9F18-DE02E73C14AE}.Release|Any CPU.ActiveCfg = Release|Any CPU
		{E0395473-9614-41FD-9F18-DE02E73C14AE}.Release|Any CPU.Build.0 = Release|Any CPU
		{F770FBEE-B943-4C34-996D-40CD9DF7CF54}.Debug|Any CPU.ActiveCfg = Debug|Any CPU
		{F770FBEE-B943-4C34-996D-40CD9DF7CF54}.Debug|Any CPU.Build.0 = Debug|Any CPU
		{F770FBEE-B943-4C34-996D-40CD9DF7CF54}.Release|Any CPU.ActiveCfg = Release|Any CPU
		{F770FBEE-B943-4C34-996D-40CD9DF7CF54}.Release|Any CPU.Build.0 = Release|Any CPU
		{AD0F72D3-B8C7-463A-9C15-FB1227EA7065}.Debug|Any CPU.ActiveCfg = Debug|Any CPU
		{AD0F72D3-B8C7-463A-9C15-FB1227EA7065}.Debug|Any CPU.Build.0 = Debug|Any CPU
		{AD0F72D3-B8C7-463A-9C15-FB1227EA7065}.Release|Any CPU.ActiveCfg = Release|Any CPU
		{AD0F72D3-B8C7-463A-9C15-FB1227EA7065}.Release|Any CPU.Build.0 = Release|Any CPU
		{815F9823-3CD4-4A30-93B2-FE78D9C167EE}.Debug|Any CPU.ActiveCfg = Debug|Any CPU
		{815F9823-3CD4-4A30-93B2-FE78D9C167EE}.Debug|Any CPU.Build.0 = Debug|Any CPU
		{815F9823-3CD4-4A30-93B2-FE78D9C167EE}.Release|Any CPU.ActiveCfg = Release|Any CPU
		{815F9823-3CD4-4A30-93B2-FE78D9C167EE}.Release|Any CPU.Build.0 = Release|Any CPU
	EndGlobalSection
	GlobalSection(SolutionProperties) = preSolution
		HideSolutionNode = FALSE
	EndGlobalSection
	GlobalSection(NestedProjects) = preSolution
		{E0395473-9614-41FD-9F18-DE02E73C14AE} = {12414B2B-23C0-4E3F-8210-3A6166BAFD95}
		{F770FBEE-B943-4C34-996D-40CD9DF7CF54} = {12414B2B-23C0-4E3F-8210-3A6166BAFD95}
		{AD0F72D3-B8C7-463A-9C15-FB1227EA7065} = {12414B2B-23C0-4E3F-8210-3A6166BAFD95}
		{815F9823-3CD4-4A30-93B2-FE78D9C167EE} = {12414B2B-23C0-4E3F-8210-3A6166BAFD95}
	EndGlobalSection
	GlobalSection(ExtensibilityGlobals) = postSolution
		SolutionGuid = {D3A9CD4F-EE03-47BD-84DE-3815926CF68D}
	EndGlobalSection
EndGlobal
